
Microsoft Visual Studio Solution File, Format Version 12.00
Project("{FAE04EC0-301F-11D3-BF4B-00C04F79EFBC}") = "SermonAudioClient", "SermonAudioClient\SermonAudioClient.csproj", "{CC31AFE3-B6BA-4EAA-AF33-A72BEFC9B5E1}"
EndProject
Project("{FAE04EC0-301F-11D3-BF4B-00C04F79EFBC}") = "SermonAudioClient.Tests", "SermonAudioClient.Tests\SermonAudioClient.Tests.csproj", "{773446EA-9967-4CEC-B9B9-8967A4C9CD57}"
EndProject
Project("{2150E333-8FDC-42A3-9474-1A3956D46DE8}") = "Miscellaneous", "Miscellaneous", "{B6DBEC40-12D6-4997-9196-57F9114EE6E0}"
	ProjectSection(SolutionItems) = preProject
		.gitignore = .gitignore
		README.md = README.md
	EndProjectSection
EndProject
Global
	GlobalSection(SolutionConfigurationPlatforms) = preSolution
		Debug|Any CPU = Debug|Any CPU
		Release|Any CPU = Release|Any CPU
	EndGlobalSection
	GlobalSection(ProjectConfigurationPlatforms) = postSolution
		{CC31AFE3-B6BA-4EAA-AF33-A72BEFC9B5E1}.Debug|Any CPU.ActiveCfg = Debug|Any CPU
		{CC31AFE3-B6BA-4EAA-AF33-A72BEFC9B5E1}.Debug|Any CPU.Build.0 = Debug|Any CPU
		{CC31AFE3-B6BA-4EAA-AF33-A72BEFC9B5E1}.Release|Any CPU.ActiveCfg = Release|Any CPU
		{CC31AFE3-B6BA-4EAA-AF33-A72BEFC9B5E1}.Release|Any CPU.Build.0 = Release|Any CPU
		{773446EA-9967-4CEC-B9B9-8967A4C9CD57}.Debug|Any CPU.ActiveCfg = Debug|Any CPU
		{773446EA-9967-4CEC-B9B9-8967A4C9CD57}.Debug|Any CPU.Build.0 = Debug|Any CPU
		{773446EA-9967-4CEC-B9B9-8967A4C9CD57}.Release|Any CPU.ActiveCfg = Release|Any CPU
		{773446EA-9967-4CEC-B9B9-8967A4C9CD57}.Release|Any CPU.Build.0 = Release|Any CPU
	EndGlobalSection
EndGlobal
